// !$*UTF8*$!
{
	archiveVersion = 1;
	classes = {
	};
	objectVersion = 46;
	objects = {

/* Begin PBXBuildFile section */
		1E2DE1951BDFAFFB0065B960 /* main.m in Sources */ = {isa = PBXBuildFile; fileRef = 1E2DE1941BDFAFFB0065B960 /* main.m */; };
		1E2DE1981BDFAFFB0065B960 /* AppDelegate.m in Sources */ = {isa = PBXBuildFile; fileRef = 1E2DE1971BDFAFFB0065B960 /* AppDelegate.m */; };
		1E2DE19B1BDFAFFB0065B960 /* ViewController.m in Sources */ = {isa = PBXBuildFile; fileRef = 1E2DE19A1BDFAFFB0065B960 /* ViewController.m */; };
		1E2DE19E1BDFAFFB0065B960 /* Main.storyboard in Resources */ = {isa = PBXBuildFile; fileRef = 1E2DE19C1BDFAFFB0065B960 /* Main.storyboard */; };
		1E2DE1A11BDFAFFB0065B960 /* Get_Post.xcdatamodeld in Sources */ = {isa = PBXBuildFile; fileRef = 1E2DE19F1BDFAFFB0065B960 /* Get_Post.xcdatamodeld */; };
		1E2DE1A31BDFAFFB0065B960 /* Assets.xcassets in Resources */ = {isa = PBXBuildFile; fileRef = 1E2DE1A21BDFAFFB0065B960 /* Assets.xcassets */; };
		1E2DE1A61BDFAFFB0065B960 /* LaunchScreen.storyboard in Resources */ = {isa = PBXBuildFile; fileRef = 1E2DE1A41BDFAFFB0065B960 /* LaunchScreen.storyboard */; };
		1E2DE1B11BDFAFFB0065B960 /* Get_PostTests.m in Sources */ = {isa = PBXBuildFile; fileRef = 1E2DE1B01BDFAFFB0065B960 /* Get_PostTests.m */; };
		1E2DE1BC1BDFAFFB0065B960 /* Get_PostUITests.m in Sources */ = {isa = PBXBuildFile; fileRef = 1E2DE1BB1BDFAFFB0065B960 /* Get_PostUITests.m */; };
/* End PBXBuildFile section */

/* Begin PBXContainerItemProxy section */
		1E2DE1AD1BDFAFFB0065B960 /* PBXContainerItemProxy */ = {
			isa = PBXContainerItemProxy;
			containerPortal = 1E2DE1881BDFAFFB0065B960 /* Project object */;
			proxyType = 1;
			remoteGlobalIDString = 1E2DE18F1BDFAFFB0065B960;
			remoteInfo = "Get&Post";
		};
		1E2DE1B81BDFAFFB0065B960 /* PBXContainerItemProxy */ = {
			isa = PBXContainerItemProxy;
			containerPortal = 1E2DE1881BDFAFFB0065B960 /* Project object */;
			proxyType = 1;
			remoteGlobalIDString = 1E2DE18F1BDFAFFB0065B960;
			remoteInfo = "Get&Post";
		};
/* End PBXContainerItemProxy section */

/* Begin PBXFileReference section */
		1E2DE1901BDFAFFB0065B960 /* Get&Post.app */ = {isa = PBXFileReference; explicitFileType = wrapper.application; includeInIndex = 0; path = "Get&Post.app"; sourceTree = BUILT_PRODUCTS_DIR; };
		1E2DE1941BDFAFFB0065B960 /* main.m */ = {isa = PBXFileReference; lastKnownFileType = sourcecode.c.objc; path = main.m; sourceTree = "<group>"; };
		1E2DE1961BDFAFFB0065B960 /* AppDelegate.h */ = {isa = PBXFileReference; lastKnownFileType = sourcecode.c.h; path = AppDelegate.h; sourceTree = "<group>"; };
		1E2DE1971BDFAFFB0065B960 /* AppDelegate.m */ = {isa = PBXFileReference; lastKnownFileType = sourcecode.c.objc; path = AppDelegate.m; sourceTree = "<group>"; };
		1E2DE1991BDFAFFB0065B960 /* ViewController.h */ = {isa = PBXFileReference; lastKnownFileType = sourcecode.c.h; path = ViewController.h; sourceTree = "<group>"; };
		1E2DE19A1BDFAFFB0065B960 /* ViewController.m */ = {isa = PBXFileReference; lastKnownFileType = sourcecode.c.objc; path = ViewController.m; sourceTree = "<group>"; };
		1E2DE19D1BDFAFFB0065B960 /* Base */ = {isa = PBXFileReference; lastKnownFileType = file.storyboard; name = Base; path = Base.lproj/Main.storyboard; sourceTree = "<group>"; };
		1E2DE1A01BDFAFFB0065B960 /* Get_Post.xcdatamodel */ = {isa = PBXFileReference; lastKnownFileType = wrapper.xcdatamodel; path = Get_Post.xcdatamodel; sourceTree = "<group>"; };
		1E2DE1A21BDFAFFB0065B960 /* Assets.xcassets */ = {isa = PBXFileReference; lastKnownFileType = folder.assetcatalog; path = Assets.xcassets; sourceTree = "<group>"; };
		1E2DE1A51BDFAFFB0065B960 /* Base */ = {isa = PBXFileReference; lastKnownFileType = file.storyboard; name = Base; path = Base.lproj/LaunchScreen.storyboard; sourceTree = "<group>"; };
		1E2DE1A71BDFAFFB0065B960 /* Info.plist */ = {isa = PBXFileReference; lastKnownFileType = text.plist.xml; path = Info.plist; sourceTree = "<group>"; };
		1E2DE1AC1BDFAFFB0065B960 /* Get&PostTests.xctest */ = {isa = PBXFileReference; explicitFileType = wrapper.cfbundle; includeInIndex = 0; path = "Get&PostTests.xctest"; sourceTree = BUILT_PRODUCTS_DIR; };
		1E2DE1B01BDFAFFB0065B960 /* Get_PostTests.m */ = {isa = PBXFileReference; lastKnownFileType = sourcecode.c.objc; path = Get_PostTests.m; sourceTree = "<group>"; };
		1E2DE1B21BDFAFFB0065B960 /* Info.plist */ = {isa = PBXFileReference; lastKnownFileType = text.plist.xml; path = Info.plist; sourceTree = "<group>"; };
		1E2DE1B71BDFAFFB0065B960 /* Get&PostUITests.xctest */ = {isa = PBXFileReference; explicitFileType = wrapper.cfbundle; includeInIndex = 0; path = "Get&PostUITests.xctest"; sourceTree = BUILT_PRODUCTS_DIR; };
		1E2DE1BB1BDFAFFB0065B960 /* Get_PostUITests.m */ = {isa = PBXFileReference; lastKnownFileType = sourcecode.c.objc; path = Get_PostUITests.m; sourceTree = "<group>"; };
		1E2DE1BD1BDFAFFB0065B960 /* Info.plist */ = {isa = PBXFileReference; lastKnownFileType = text.plist.xml; path = Info.plist; sourceTree = "<group>"; };
/* End PBXFileReference section */

/* Begin PBXFrameworksBuildPhase section */
		1E2DE18D1BDFAFFB0065B960 /* Frameworks */ = {
			isa = PBXFrameworksBuildPhase;
			buildActionMask = 2147483647;
			files = (
			);
			runOnlyForDeploymentPostprocessing = 0;
		};
		1E2DE1A91BDFAFFB0065B960 /* Frameworks */ = {
			isa = PBXFrameworksBuildPhase;
			buildActionMask = 2147483647;
			files = (
			);
			runOnlyForDeploymentPostprocessing = 0;
		};
		1E2DE1B41BDFAFFB0065B960 /* Frameworks */ = {
			isa = PBXFrameworksBuildPhase;
			buildActionMask = 2147483647;
			files = (
			);
			runOnlyForDeploymentPostprocessing = 0;
		};
/* End PBXFrameworksBuildPhase section */

/* Begin PBXGroup section */
		1E2DE1871BDFAFFB0065B960 = {
			isa = PBXGroup;
			children = (
				1E2DE1921BDFAFFB0065B960 /* Get&Post */,
				1E2DE1AF1BDFAFFB0065B960 /* Get&PostTests */,
				1E2DE1BA1BDFAFFB0065B960 /* Get&PostUITests */,
				1E2DE1911BDFAFFB0065B960 /* Products */,
			);
			sourceTree = "<group>";
		};
		1E2DE1911BDFAFFB0065B960 /* Products */ = {
			isa = PBXGroup;
			children = (
				1E2DE1901BDFAFFB0065B960 /* Get&Post.app */,
				1E2DE1AC1BDFAFFB0065B960 /* Get&PostTests.xctest */,
				1E2DE1B71BDFAFFB0065B960 /* Get&PostUITests.xctest */,
			);
			name = Products;
			sourceTree = "<group>";
		};
		1E2DE1921BDFAFFB0065B960 /* Get&Post */ = {
			isa = PBXGroup;
			children = (
				1E2DE1961BDFAFFB0065B960 /* AppDelegate.h */,
				1E2DE1971BDFAFFB0065B960 /* AppDelegate.m */,
				1E2DE1991BDFAFFB0065B960 /* ViewController.h */,
				1E2DE19A1BDFAFFB0065B960 /* ViewController.m */,
				1E2DE19C1BDFAFFB0065B960 /* Main.storyboard */,
				1E2DE1A21BDFAFFB0065B960 /* Assets.xcassets */,
				1E2DE1A41BDFAFFB0065B960 /* LaunchScreen.storyboard */,
				1E2DE1A71BDFAFFB0065B960 /* Info.plist */,
				1E2DE19F1BDFAFFB0065B960 /* Get_Post.xcdatamodeld */,
				1E2DE1931BDFAFFB0065B960 /* Supporting Files */,
			);
			path = "Get&Post";
			sourceTree = "<group>";
		};
		1E2DE1931BDFAFFB0065B960 /* Supporting Files */ = {
			isa = PBXGroup;
			children = (
				1E2DE1941BDFAFFB0065B960 /* main.m */,
			);
			name = "Supporting Files";
			sourceTree = "<group>";
		};
		1E2DE1AF1BDFAFFB0065B960 /* Get&PostTests */ = {
			isa = PBXGroup;
			children = (
				1E2DE1B01BDFAFFB0065B960 /* Get_PostTests.m */,
				1E2DE1B21BDFAFFB0065B960 /* Info.plist */,
			);
			path = "Get&PostTests";
			sourceTree = "<group>";
		};
		1E2DE1BA1BDFAFFB0065B960 /* Get&PostUITests */ = {
			isa = PBXGroup;
			children = (
				1E2DE1BB1BDFAFFB0065B960 /* Get_PostUITests.m */,
				1E2DE1BD1BDFAFFB0065B960 /* Info.plist */,
			);
			path = "Get&PostUITests";
			sourceTree = "<group>";
		};
/* End PBXGroup section */

/* Begin PBXNativeTarget section */
		1E2DE18F1BDFAFFB0065B960 /* Get&Post */ = {
			isa = PBXNativeTarget;
			buildConfigurationList = 1E2DE1C01BDFAFFB0065B960 /* Build configuration list for PBXNativeTarget "Get&Post" */;
			buildPhases = (
				1E2DE18C1BDFAFFB0065B960 /* Sources */,
				1E2DE18D1BDFAFFB0065B960 /* Frameworks */,
				1E2DE18E1BDFAFFB0065B960 /* Resources */,
			);
			buildRules = (
			);
			dependencies = (
			);
			name = "Get&Post";
			productName = "Get&Post";
			productReference = 1E2DE1901BDFAFFB0065B960 /* Get&Post.app */;
			productType = "com.apple.product-type.application";
		};
		1E2DE1AB1BDFAFFB0065B960 /* Get&PostTests */ = {
			isa = PBXNativeTarget;
			buildConfigurationList = 1E2DE1C31BDFAFFB0065B960 /* Build configuration list for PBXNativeTarget "Get&PostTests" */;
			buildPhases = (
				1E2DE1A81BDFAFFB0065B960 /* Sources */,
				1E2DE1A91BDFAFFB0065B960 /* Frameworks */,
				1E2DE1AA1BDFAFFB0065B960 /* Resources */,
			);
			buildRules = (
			);
			dependencies = (
				1E2DE1AE1BDFAFFB0065B960 /* PBXTargetDependency */,
			);
			name = "Get&PostTests";
			productName = "Get&PostTests";
			productReference = 1E2DE1AC1BDFAFFB0065B960 /* Get&PostTests.xctest */;
			productType = "com.apple.product-type.bundle.unit-test";
		};
		1E2DE1B61BDFAFFB0065B960 /* Get&PostUITests */ = {
			isa = PBXNativeTarget;
			buildConfigurationList = 1E2DE1C61BDFAFFB0065B960 /* Build configuration list for PBXNativeTarget "Get&PostUITests" */;
			buildPhases = (
				1E2DE1B31BDFAFFB0065B960 /* Sources */,
				1E2DE1B41BDFAFFB0065B960 /* Frameworks */,
				1E2DE1B51BDFAFFB0065B960 /* Resources */,
			);
			buildRules = (
			);
			dependencies = (
				1E2DE1B91BDFAFFB0065B960 /* PBXTargetDependency */,
			);
			name = "Get&PostUITests";
			productName = "Get&PostUITests";
			productReference = 1E2DE1B71BDFAFFB0065B960 /* Get&PostUITests.xctest */;
			productType = "com.apple.product-type.bundle.ui-testing";
		};
/* End PBXNativeTarget section */

/* Begin PBXProject section */
		1E2DE1881BDFAFFB0065B960 /* Project object */ = {
			isa = PBXProject;
			attributes = {
				LastUpgradeCheck = 0710;
				ORGANIZATIONNAME = Gate;
				TargetAttributes = {
					1E2DE18F1BDFAFFB0065B960 = {
						CreatedOnToolsVersion = 7.1;
					};
					1E2DE1AB1BDFAFFB0065B960 = {
						CreatedOnToolsVersion = 7.1;
						TestTargetID = 1E2DE18F1BDFAFFB0065B960;
					};
					1E2DE1B61BDFAFFB0065B960 = {
						CreatedOnToolsVersion = 7.1;
						TestTargetID = 1E2DE18F1BDFAFFB0065B960;
					};
				};
			};
			buildConfigurationList = 1E2DE18B1BDFAFFB0065B960 /* Build configuration list for PBXProject "Get&Post" */;
			compatibilityVersion = "Xcode 3.2";
			developmentRegion = English;
			hasScannedForEncodings = 0;
			knownRegions = (
				en,
				Base,
			);
			mainGroup = 1E2DE1871BDFAFFB0065B960;
			productRefGroup = 1E2DE1911BDFAFFB0065B960 /* Products */;
			projectDirPath = "";
			projectRoot = "";
			targets = (
				1E2DE18F1BDFAFFB0065B960 /* Get&Post */,
				1E2DE1AB1BDFAFFB0065B960 /* Get&PostTests */,
				1E2DE1B61BDFAFFB0065B960 /* Get&PostUITests */,
			);
		};
/* End PBXProject section */

/* Begin PBXResourcesBuildPhase section */
		1E2DE18E1BDFAFFB0065B960 /* Resources */ = {
			isa = PBXResourcesBuildPhase;
			buildActionMask = 2147483647;
			files = (
				1E2DE1A61BDFAFFB0065B960 /* LaunchScreen.storyboard in Resources */,
				1E2DE1A31BDFAFFB0065B960 /* Assets.xcassets in Resources */,
				1E2DE19E1BDFAFFB0065B960 /* Main.storyboard in Resources */,
			);
			runOnlyForDeploymentPostprocessing = 0;
		};
		1E2DE1AA1BDFAFFB0065B960 /* Resources */ = {
			isa = PBXResourcesBuildPhase;
			buildActionMask = 2147483647;
			files = (
			);
			runOnlyForDeploymentPostprocessing = 0;
		};
		1E2DE1B51BDFAFFB0065B960 /* Resources */ = {
			isa = PBXResourcesBuildPhase;
			buildActionMask = 2147483647;
			files = (
			);
			runOnlyForDeploymentPostprocessing = 0;
		};
/* End PBXResourcesBuildPhase section */

/* Begin PBXSourcesBuildPhase section */
		1E2DE18C1BDFAFFB0065B960 /* Sources */ = {
			isa = PBXSourcesBuildPhase;
			buildActionMask = 2147483647;
			files = (
				1E2DE19B1BDFAFFB0065B960 /* ViewController.m in Sources */,
				1E2DE1981BDFAFFB0065B960 /* AppDelegate.m in Sources */,
				1E2DE1A11BDFAFFB0065B960 /* Get_Post.xcdatamodeld in Sources */,
				1E2DE1951BDFAFFB0065B960 /* main.m in Sources */,
			);
			runOnlyForDeploymentPostprocessing = 0;
		};
		1E2DE1A81BDFAFFB0065B960 /* Sources */ = {
			isa = PBXSourcesBuildPhase;
			buildActionMask = 2147483647;
			files = (
				1E2DE1B11BDFAFFB0065B960 /* Get_PostTests.m in Sources */,
			);
			runOnlyForDeploymentPostprocessing = 0;
		};
		1E2DE1B31BDFAFFB0065B960 /* Sources */ = {
			isa = PBXSourcesBuildPhase;
			buildActionMask = 2147483647;
			files = (
				1E2DE1BC1BDFAFFB0065B960 /* Get_PostUITests.m in Sources */,
			);
			runOnlyForDeploymentPostprocessing = 0;
		};
/* End PBXSourcesBuildPhase section */

/* Begin PBXTargetDependency section */
		1E2DE1AE1BDFAFFB0065B960 /* PBXTargetDependency */ = {
			isa = PBXTargetDependency;
			target = 1E2DE18F1BDFAFFB0065B960 /* Get&Post */;
			targetProxy = 1E2DE1AD1BDFAFFB0065B960 /* PBXContainerItemProxy */;
		};
		1E2DE1B91BDFAFFB0065B960 /* PBXTargetDependency */ = {
			isa = PBXTargetDependency;
			target = 1E2DE18F1BDFAFFB0065B960 /* Get&Post */;
			targetProxy = 1E2DE1B81BDFAFFB0065B960 /* PBXContainerItemProxy */;
		};
/* End PBXTargetDependency section */

/* Begin PBXVariantGroup section */
		1E2DE19C1BDFAFFB0065B960 /* Main.storyboard */ = {
			isa = PBXVariantGroup;
			children = (
				1E2DE19D1BDFAFFB0065B960 /* Base */,
			);
			name = Main.storyboard;
			sourceTree = "<group>";
		};
		1E2DE1A41BDFAFFB0065B960 /* LaunchScreen.storyboard */ = {
			isa = PBXVariantGroup;
			children = (
				1E2DE1A51BDFAFFB0065B960 /* Base */,
			);
			name = LaunchScreen.storyboard;
			sourceTree = "<group>";
		};
/* End PBXVariantGroup section */

/* Begin XCBuildConfiguration section */
		1E2DE1BE1BDFAFFB0065B960 /* Debug */ = {
			isa = XCBuildConfiguration;
			buildSettings = {
				ALWAYS_SEARCH_USER_PATHS = NO;
				CLANG_CXX_LANGUAGE_STANDARD = "gnu++0x";
				CLANG_CXX_LIBRARY = "libc++";
				CLANG_ENABLE_MODULES = YES;
				CLANG_ENABLE_OBJC_ARC = YES;
				CLANG_WARN_BOOL_CONVERSION = YES;
				CLANG_WARN_CONSTANT_CONVERSION = YES;
				CLANG_WARN_DIRECT_OBJC_ISA_USAGE = YES_ERROR;
				CLANG_WARN_EMPTY_BODY = YES;
				CLANG_WARN_ENUM_CONVERSION = YES;
				CLANG_WARN_INT_CONVERSION = YES;
				CLANG_WARN_OBJC_ROOT_CLASS = YES_ERROR;
				CLANG_WARN_UNREACHABLE_CODE = YES;
				CLANG_WARN__DUPLICATE_METHOD_MATCH = YES;
				"CODE_SIGN_IDENTITY[sdk=iphoneos*]" = "iPhone Developer";
				COPY_PHASE_STRIP = NO;
				DEBUG_INFORMATION_FORMAT = dwarf;
				ENABLE_STRICT_OBJC_MSGSEND = YES;
				ENABLE_TESTABILITY = YES;
				GCC_C_LANGUAGE_STANDARD = gnu99;
				GCC_DYNAMIC_NO_PIC = NO;
				GCC_NO_COMMON_BLOCKS = YES;
				GCC_OPTIMIZATION_LEVEL = 0;
				GCC_PREPROCESSOR_DEFINITIONS = (
					"DEBUG=1",
					"$(inherited)",
				);
				GCC_WARN_64_TO_32_BIT_CONVERSION = YES;
				GCC_WARN_ABOUT_RETURN_TYPE = YES_ERROR;
				GCC_WARN_UNDECLARED_SELECTOR = YES;
				GCC_WARN_UNINITIALIZED_AUTOS = YES_AGGRESSIVE;
				GCC_WARN_UNUSED_FUNCTION = YES;
				GCC_WARN_UNUSED_VARIABLE = YES;
				IPHONEOS_DEPLOYMENT_TARGET = 9.1;
				MTL_ENABLE_DEBUG_INFO = YES;
				ONLY_ACTIVE_ARCH = YES;
				SDKROOT = iphoneos;
			};
			name = Debug;
		};
		1E2DE1BF1BDFAFFB0065B960 /* Release */ = {
			isa = XCBuildConfiguration;
			buildSettings = {
				ALWAYS_SEARCH_USER_PATHS = NO;
				CLANG_CXX_LANGUAGE_STANDARD = "gnu++0x";
				CLANG_CXX_LIBRARY = "libc++";
				CLANG_ENABLE_MODULES = YES;
				CLANG_ENABLE_OBJC_ARC = YES;
				CLANG_WARN_BOOL_CONVERSION = YES;
				CLANG_WARN_CONSTANT_CONVERSION = YES;
				CLANG_WARN_DIRECT_OBJC_ISA_USAGE = YES_ERROR;
				CLANG_WARN_EMPTY_BODY = YES;
				CLANG_WARN_ENUM_CONVERSION = YES;
				CLANG_WARN_INT_CONVERSION = YES;
				CLANG_WARN_OBJC_ROOT_CLASS = YES_ERROR;
				CLANG_WARN_UNREACHABLE_CODE = YES;
				CLANG_WARN__DUPLICATE_METHOD_MATCH = YES;
				"CODE_SIGN_IDENTITY[sdk=iphoneos*]" = "iPhone Developer";
				COPY_PHASE_STRIP = NO;
				DEBUG_INFORMATION_FORMAT = "dwarf-with-dsym";
				ENABLE_NS_ASSERTIONS = NO;
				ENABLE_STRICT_OBJC_MSGSEND = YES;
				GCC_C_LANGUAGE_STANDARD = gnu99;
				GCC_NO_COMMON_BLOCKS = YES;
				GCC_WARN_64_TO_32_BIT_CONVERSION = YES;
				GCC_WARN_ABOUT_RETURN_TYPE = YES_ERROR;
				GCC_WARN_UNDECLARED_SELECTOR = YES;
				GCC_WARN_UNINITIALIZED_AUTOS = YES_AGGRESSIVE;
				GCC_WARN_UNUSED_FUNCTION = YES;
				GCC_WARN_UNUSED_VARIABLE = YES;
				IPHONEOS_DEPLOYMENT_TARGET = 9.1;
				MTL_ENABLE_DEBUG_INFO = NO;
				SDKROOT = iphoneos;
				VALIDATE_PRODUCT = YES;
			};
			name = Release;
		};
		1E2DE1C11BDFAFFB0065B960 /* Debug */ = {
			isa = XCBuildConfiguration;
			buildSettings = {
				ASSETCATALOG_COMPILER_APPICON_NAME = AppIcon;
				INFOPLIST_FILE = "Get&Post/Info.plist";
				LD_RUNPATH_SEARCH_PATHS = "$(inherited) @executable_path/Frameworks";
				PRODUCT_BUNDLE_IDENTIFIER = "Gate.Get-Post";
				PRODUCT_NAME = "$(TARGET_NAME)";
			};
			name = Debug;
		};
		1E2DE1C21BDFAFFB0065B960 /* Release */ = {
			isa = XCBuildConfiguration;
			buildSettings = {
				ASSETCATALOG_COMPILER_APPICON_NAME = AppIcon;
				INFOPLIST_FILE = "Get&Post/Info.plist";
				LD_RUNPATH_SEARCH_PATHS = "$(inherited) @executable_path/Frameworks";
				PRODUCT_BUNDLE_IDENTIFIER = "Gate.Get-Post";
				PRODUCT_NAME = "$(TARGET_NAME)";
			};
			name = Release;
		};
		1E2DE1C41BDFAFFB0065B960 /* Debug */ = {
			isa = XCBuildConfiguration;
			buildSettings = {
				BUNDLE_LOADER = "$(TEST_HOST)";
				INFOPLIST_FILE = "Get&PostTests/Info.plist";
				LD_RUNPATH_SEARCH_PATHS = "$(inherited) @executable_path/Frameworks @loader_path/Frameworks";
				PRODUCT_BUNDLE_IDENTIFIER = "Gate.Get-PostTests";
				PRODUCT_NAME = "$(TARGET_NAME)";
				TEST_HOST = "$(BUILT_PRODUCTS_DIR)/Get&Post.app/Get&Post";
			};
			name = Debug;
		};
		1E2DE1C51BDFAFFB0065B960 /* Release */ = {
			isa = XCBuildConfiguration;
			buildSettings = {
				BUNDLE_LOADER = "$(TEST_HOST)";
				INFOPLIST_FILE = "Get&PostTests/Info.plist";
				LD_RUNPATH_SEARCH_PATHS = "$(inherited) @executable_path/Frameworks @loader_path/Frameworks";
				PRODUCT_BUNDLE_IDENTIFIER = "Gate.Get-PostTests";
				PRODUCT_NAME = "$(TARGET_NAME)";
				TEST_HOST = "$(BUILT_PRODUCTS_DIR)/Get&Post.app/Get&Post";
			};
			name = Release;
		};
		1E2DE1C71BDFAFFB0065B960 /* Debug */ = {
			isa = XCBuildConfiguration;
			buildSettings = {
				INFOPLIST_FILE = "Get&PostUITests/Info.plist";
				LD_RUNPATH_SEARCH_PATHS = "$(inherited) @executable_path/Frameworks @loader_path/Frameworks";
				PRODUCT_BUNDLE_IDENTIFIER = "Gate.Get-PostUITests";
				PRODUCT_NAME = "$(TARGET_NAME)";
				TEST_TARGET_NAME = "Get&Post";
				USES_XCTRUNNER = YES;
			};
			name = Debug;
		};
		1E2DE1C81BDFAFFB0065B960 /* Release */ = {
			isa = XCBuildConfiguration;
			buildSettings = {
				INFOPLIST_FILE = "Get&PostUITests/Info.plist";
				LD_RUNPATH_SEARCH_PATHS = "$(inherited) @executable_path/Frameworks @loader_path/Frameworks";
				PRODUCT_BUNDLE_IDENTIFIER = "Gate.Get-PostUITests";
				PRODUCT_NAME = "$(TARGET_NAME)";
				TEST_TARGET_NAME = "Get&Post";
				USES_XCTRUNNER = YES;
			};
			name = Release;
		};
/* End XCBuildConfiguration section */

/* Begin XCConfigurationList section */
		1E2DE18B1BDFAFFB0065B960 /* Build configuration list for PBXProject "Get&Post" */ = {
			isa = XCConfigurationList;
			buildConfigurations = (
				1E2DE1BE1BDFAFFB0065B960 /* Debug */,
				1E2DE1BF1BDFAFFB0065B960 /* Release */,
			);
			defaultConfigurationIsVisible = 0;
			defaultConfigurationName = Release;
		};
		1E2DE1C01BDFAFFB0065B960 /* Build configuration list for PBXNativeTarget "Get&Post" */ = {
			isa = XCConfigurationList;
			buildConfigurations = (
				1E2DE1C11BDFAFFB0065B960 /* Debug */,
				1E2DE1C21BDFAFFB0065B960 /* Release */,
			);
			defaultConfigurationIsVisible = 0;
		};
		1E2DE1C31BDFAFFB0065B960 /* Build configuration list for PBXNativeTarget "Get&PostTests" */ = {
			isa = XCConfigurationList;
			buildConfigurations = (
				1E2DE1C41BDFAFFB0065B960 /* Debug */,
				1E2DE1C51BDFAFFB0065B960 /* Release */,
			);
			defaultConfigurationIsVisible = 0;
		};
		1E2DE1C61BDFAFFB0065B960 /* Build configuration list for PBXNativeTarget "Get&PostUITests" */ = {
			isa = XCConfigurationList;
			buildConfigurations = (
				1E2DE1C71BDFAFFB0065B960 /* Debug */,
				1E2DE1C81BDFAFFB0065B960 /* Release */,
			);
			defaultConfigurationIsVisible = 0;
		};
/* End XCConfigurationList section */

/* Begin XCVersionGroup section */
		1E2DE19F1BDFAFFB0065B960 /* Get_Post.xcdatamodeld */ = {
			isa = XCVersionGroup;
			children = (
				1E2DE1A01BDFAFFB0065B960 /* Get_Post.xcdatamodel */,
			);
			currentVersion = 1E2DE1A01BDFAFFB0065B960 /* Get_Post.xcdatamodel */;
			path = Get_Post.xcdatamodeld;
			sourceTree = "<group>";
			versionGroupType = wrapper.xcdatamodel;
		};
/* End XCVersionGroup section */
	};
	rootObject = 1E2DE1881BDFAFFB0065B960 /* Project object */;
}
